{
  "requires": true,
  "lockfileVersion": 1,
  "dependencies": {
    "bootswatch": {
      "version": "4.2.1",
      "resolved": "https://registry.npmjs.org/bootswatch/-/bootswatch-4.2.1.tgz",
      "integrity": "sha512-2UV3a/3sleGVsOa8q3t5O4+u+ONfQvscMTKwqMVd0tkcypGhiLeE3W461qJ4uZzo6AzCSuYBTzGmOSdel0g9/A=="
    }
  }
}
